// !$*UTF8*$!
{
	archiveVersion = 1;
	classes = {
	};
	objectVersion = 46;
	objects = {

/* Begin PBXBuildFile section */
		CF84DF4819054B400040D221 /* Foundation.framework in Frameworks */ = {isa = PBXBuildFile; fileRef = CF84DF4719054B400040D221 /* Foundation.framework */; };
		CF84DF4A19054B400040D221 /* CoreGraphics.framework in Frameworks */ = {isa = PBXBuildFile; fileRef = CF84DF4919054B400040D221 /* CoreGraphics.framework */; };
		CF84DF4C19054B400040D221 /* UIKit.framework in Frameworks */ = {isa = PBXBuildFile; fileRef = CF84DF4B19054B400040D221 /* UIKit.framework */; };
		CF84DF5219054B400040D221 /* InfoPlist.strings in Resources */ = {isa = PBXBuildFile; fileRef = CF84DF5019054B400040D221 /* InfoPlist.strings */; };
		CF84DF5419054B400040D221 /* main.m in Sources */ = {isa = PBXBuildFile; fileRef = CF84DF5319054B400040D221 /* main.m */; };
		CF84DF5819054B400040D221 /* AppDelegate.m in Sources */ = {isa = PBXBuildFile; fileRef = CF84DF5719054B400040D221 /* AppDelegate.m */; };
		CF84DF5B19054B400040D221 /* Main.storyboard in Resources */ = {isa = PBXBuildFile; fileRef = CF84DF5919054B400040D221 /* Main.storyboard */; };
		CF84DF5E19054B400040D221 /* ViewController.m in Sources */ = {isa = PBXBuildFile; fileRef = CF84DF5D19054B400040D221 /* ViewController.m */; };
		CF84DF6019054B400040D221 /* Images.xcassets in Resources */ = {isa = PBXBuildFile; fileRef = CF84DF5F19054B400040D221 /* Images.xcassets */; };
		CF84DF6719054B400040D221 /* XCTest.framework in Frameworks */ = {isa = PBXBuildFile; fileRef = CF84DF6619054B400040D221 /* XCTest.framework */; };
		CF84DF6819054B400040D221 /* Foundation.framework in Frameworks */ = {isa = PBXBuildFile; fileRef = CF84DF4719054B400040D221 /* Foundation.framework */; };
		CF84DF6919054B400040D221 /* UIKit.framework in Frameworks */ = {isa = PBXBuildFile; fileRef = CF84DF4B19054B400040D221 /* UIKit.framework */; };
		CF84DF7119054B400040D221 /* InfoPlist.strings in Resources */ = {isa = PBXBuildFile; fileRef = CF84DF6F19054B400040D221 /* InfoPlist.strings */; };
		CF84DF7319054B400040D221 /* MeliTraining2Tests.m in Sources */ = {isa = PBXBuildFile; fileRef = CF84DF7219054B400040D221 /* MeliTraining2Tests.m */; };
		CF84DF8419055FAE0040D221 /* ReplaceTitleViewController.m in Sources */ = {isa = PBXBuildFile; fileRef = CF84DF8319055FAE0040D221 /* ReplaceTitleViewController.m */; };
/* End PBXBuildFile section */

/* Begin PBXContainerItemProxy section */
		CF84DF6A19054B400040D221 /* PBXContainerItemProxy */ = {
			isa = PBXContainerItemProxy;
			containerPortal = CF84DF3C19054B3F0040D221 /* Project object */;
			proxyType = 1;
			remoteGlobalIDString = CF84DF4319054B3F0040D221;
			remoteInfo = MeliTraining2;
		};
/* End PBXContainerItemProxy section */

/* Begin PBXFileReference section */
		CF84DF4419054B400040D221 /* MeliTraining2.app */ = {isa = PBXFileReference; explicitFileType = wrapper.application; includeInIndex = 0; path = MeliTraining2.app; sourceTree = BUILT_PRODUCTS_DIR; };
		CF84DF4719054B400040D221 /* Foundation.framework */ = {isa = PBXFileReference; lastKnownFileType = wrapper.framework; name = Foundation.framework; path = System/Library/Frameworks/Foundation.framework; sourceTree = SDKROOT; };
		CF84DF4919054B400040D221 /* CoreGraphics.framework */ = {isa = PBXFileReference; lastKnownFileType = wrapper.framework; name = CoreGraphics.framework; path = System/Library/Frameworks/CoreGraphics.framework; sourceTree = SDKROOT; };
		CF84DF4B19054B400040D221 /* UIKit.framework */ = {isa = PBXFileReference; lastKnownFileType = wrapper.framework; name = UIKit.framework; path = System/Library/Frameworks/UIKit.framework; sourceTree = SDKROOT; };
		CF84DF4F19054B400040D221 /* MeliTraining2-Info.plist */ = {isa = PBXFileReference; lastKnownFileType = text.plist.xml; path = "MeliTraining2-Info.plist"; sourceTree = "<group>"; };
		CF84DF5119054B400040D221 /* en */ = {isa = PBXFileReference; lastKnownFileType = text.plist.strings; name = en; path = en.lproj/InfoPlist.strings; sourceTree = "<group>"; };
		CF84DF5319054B400040D221 /* main.m */ = {isa = PBXFileReference; lastKnownFileType = sourcecode.c.objc; path = main.m; sourceTree = "<group>"; };
		CF84DF5519054B400040D221 /* MeliTraining2-Prefix.pch */ = {isa = PBXFileReference; lastKnownFileType = sourcecode.c.h; path = "MeliTraining2-Prefix.pch"; sourceTree = "<group>"; };
		CF84DF5619054B400040D221 /* AppDelegate.h */ = {isa = PBXFileReference; lastKnownFileType = sourcecode.c.h; path = AppDelegate.h; sourceTree = "<group>"; };
		CF84DF5719054B400040D221 /* AppDelegate.m */ = {isa = PBXFileReference; lastKnownFileType = sourcecode.c.objc; path = AppDelegate.m; sourceTree = "<group>"; };
		CF84DF5A19054B400040D221 /* Base */ = {isa = PBXFileReference; lastKnownFileType = file.storyboard; name = Base; path = Base.lproj/Main.storyboard; sourceTree = "<group>"; };
		CF84DF5C19054B400040D221 /* ViewController.h */ = {isa = PBXFileReference; lastKnownFileType = sourcecode.c.h; path = ViewController.h; sourceTree = "<group>"; };
		CF84DF5D19054B400040D221 /* ViewController.m */ = {isa = PBXFileReference; lastKnownFileType = sourcecode.c.objc; path = ViewController.m; sourceTree = "<group>"; };
		CF84DF5F19054B400040D221 /* Images.xcassets */ = {isa = PBXFileReference; lastKnownFileType = folder.assetcatalog; path = Images.xcassets; sourceTree = "<group>"; };
		CF84DF6519054B400040D221 /* MeliTraining2Tests.xctest */ = {isa = PBXFileReference; explicitFileType = wrapper.cfbundle; includeInIndex = 0; path = MeliTraining2Tests.xctest; sourceTree = BUILT_PRODUCTS_DIR; };
		CF84DF6619054B400040D221 /* XCTest.framework */ = {isa = PBXFileReference; lastKnownFileType = wrapper.framework; name = XCTest.framework; path = Library/Frameworks/XCTest.framework; sourceTree = DEVELOPER_DIR; };
		CF84DF6E19054B400040D221 /* MeliTraining2Tests-Info.plist */ = {isa = PBXFileReference; lastKnownFileType = text.plist.xml; path = "MeliTraining2Tests-Info.plist"; sourceTree = "<group>"; };
		CF84DF7019054B400040D221 /* en */ = {isa = PBXFileReference; lastKnownFileType = text.plist.strings; name = en; path = en.lproj/InfoPlist.strings; sourceTree = "<group>"; };
		CF84DF7219054B400040D221 /* MeliTraining2Tests.m */ = {isa = PBXFileReference; lastKnownFileType = sourcecode.c.objc; path = MeliTraining2Tests.m; sourceTree = "<group>"; };
		CF84DF8219055FAE0040D221 /* ReplaceTitleViewController.h */ = {isa = PBXFileReference; fileEncoding = 4; lastKnownFileType = sourcecode.c.h; path = ReplaceTitleViewController.h; sourceTree = "<group>"; };
		CF84DF8319055FAE0040D221 /* ReplaceTitleViewController.m */ = {isa = PBXFileReference; fileEncoding = 4; lastKnownFileType = sourcecode.c.objc; path = ReplaceTitleViewController.m; sourceTree = "<group>"; };
/* End PBXFileReference section */

/* Begin PBXFrameworksBuildPhase section */
		CF84DF4119054B3F0040D221 /* Frameworks */ = {
			isa = PBXFrameworksBuildPhase;
			buildActionMask = 2147483647;
			files = (
				CF84DF4A19054B400040D221 /* CoreGraphics.framework in Frameworks */,
				CF84DF4C19054B400040D221 /* UIKit.framework in Frameworks */,
				CF84DF4819054B400040D221 /* Foundation.framework in Frameworks */,
			);
			runOnlyForDeploymentPostprocessing = 0;
		};
		CF84DF6219054B400040D221 /* Frameworks */ = {
			isa = PBXFrameworksBuildPhase;
			buildActionMask = 2147483647;
			files = (
				CF84DF6719054B400040D221 /* XCTest.framework in Frameworks */,
				CF84DF6919054B400040D221 /* UIKit.framework in Frameworks */,
				CF84DF6819054B400040D221 /* Foundation.framework in Frameworks */,
			);
			runOnlyForDeploymentPostprocessing = 0;
		};
/* End PBXFrameworksBuildPhase section */

/* Begin PBXGroup section */
		CF84DF3B19054B3F0040D221 = {
			isa = PBXGroup;
			children = (
				CF84DF4D19054B400040D221 /* MeliTraining2 */,
				CF84DF6C19054B400040D221 /* MeliTraining2Tests */,
				CF84DF4619054B400040D221 /* Frameworks */,
				CF84DF4519054B400040D221 /* Products */,
			);
			sourceTree = "<group>";
		};
		CF84DF4519054B400040D221 /* Products */ = {
			isa = PBXGroup;
			children = (
				CF84DF4419054B400040D221 /* MeliTraining2.app */,
				CF84DF6519054B400040D221 /* MeliTraining2Tests.xctest */,
			);
			name = Products;
			sourceTree = "<group>";
		};
		CF84DF4619054B400040D221 /* Frameworks */ = {
			isa = PBXGroup;
			children = (
				CF84DF4719054B400040D221 /* Foundation.framework */,
				CF84DF4919054B400040D221 /* CoreGraphics.framework */,
				CF84DF4B19054B400040D221 /* UIKit.framework */,
				CF84DF6619054B400040D221 /* XCTest.framework */,
			);
			name = Frameworks;
			sourceTree = "<group>";
		};
		CF84DF4D19054B400040D221 /* MeliTraining2 */ = {
			isa = PBXGroup;
			children = (
				CF84DF5919054B400040D221 /* Main.storyboard */,
				CF84DF8219055FAE0040D221 /* ReplaceTitleViewController.h */,
				CF84DF8319055FAE0040D221 /* ReplaceTitleViewController.m */,
				CF84DF5C19054B400040D221 /* ViewController.h */,
				CF84DF5D19054B400040D221 /* ViewController.m */,
				CF84DF5F19054B400040D221 /* Images.xcassets */,
				CF84DF4E19054B400040D221 /* Supporting Files */,
			);
			path = MeliTraining2;
			sourceTree = "<group>";
		};
		CF84DF4E19054B400040D221 /* Supporting Files */ = {
			isa = PBXGroup;
			children = (
				CF84DF4F19054B400040D221 /* MeliTraining2-Info.plist */,
				CF84DF5019054B400040D221 /* InfoPlist.strings */,
				CF84DF5619054B400040D221 /* AppDelegate.h */,
				CF84DF5719054B400040D221 /* AppDelegate.m */,
				CF84DF5319054B400040D221 /* main.m */,
				CF84DF5519054B400040D221 /* MeliTraining2-Prefix.pch */,
			);
			name = "Supporting Files";
			sourceTree = "<group>";
		};
		CF84DF6C19054B400040D221 /* MeliTraining2Tests */ = {
			isa = PBXGroup;
			children = (
				CF84DF7219054B400040D221 /* MeliTraining2Tests.m */,
				CF84DF6D19054B400040D221 /* Supporting Files */,
			);
			path = MeliTraining2Tests;
			sourceTree = "<group>";
		};
		CF84DF6D19054B400040D221 /* Supporting Files */ = {
			isa = PBXGroup;
			children = (
				CF84DF6E19054B400040D221 /* MeliTraining2Tests-Info.plist */,
				CF84DF6F19054B400040D221 /* InfoPlist.strings */,
			);
			name = "Supporting Files";
			sourceTree = "<group>";
		};
/* End PBXGroup section */

/* Begin PBXNativeTarget section */
		CF84DF4319054B3F0040D221 /* MeliTraining2 */ = {
			isa = PBXNativeTarget;
			buildConfigurationList = CF84DF7619054B400040D221 /* Build configuration list for PBXNativeTarget "MeliTraining2" */;
			buildPhases = (
				CF84DF4019054B3F0040D221 /* Sources */,
				CF84DF4119054B3F0040D221 /* Frameworks */,
				CF84DF4219054B3F0040D221 /* Resources */,
			);
			buildRules = (
			);
			dependencies = (
			);
			name = MeliTraining2;
			productName = MeliTraining2;
			productReference = CF84DF4419054B400040D221 /* MeliTraining2.app */;
			productType = "com.apple.product-type.application";
		};
		CF84DF6419054B400040D221 /* MeliTraining2Tests */ = {
			isa = PBXNativeTarget;
			buildConfigurationList = CF84DF7919054B400040D221 /* Build configuration list for PBXNativeTarget "MeliTraining2Tests" */;
			buildPhases = (
				CF84DF6119054B400040D221 /* Sources */,
				CF84DF6219054B400040D221 /* Frameworks */,
				CF84DF6319054B400040D221 /* Resources */,
			);
			buildRules = (
			);
			dependencies = (
				CF84DF6B19054B400040D221 /* PBXTargetDependency */,
			);
			name = MeliTraining2Tests;
			productName = MeliTraining2Tests;
			productReference = CF84DF6519054B400040D221 /* MeliTraining2Tests.xctest */;
			productType = "com.apple.product-type.bundle.unit-test";
		};
/* End PBXNativeTarget section */

/* Begin PBXProject section */
		CF84DF3C19054B3F0040D221 /* Project object */ = {
			isa = PBXProject;
			attributes = {
				LastUpgradeCheck = 0510;
				ORGANIZATIONNAME = Mercadopago;
				TargetAttributes = {
					CF84DF6419054B400040D221 = {
						TestTargetID = CF84DF4319054B3F0040D221;
					};
				};
			};
			buildConfigurationList = CF84DF3F19054B3F0040D221 /* Build configuration list for PBXProject "MeliTraining2" */;
			compatibilityVersion = "Xcode 3.2";
			developmentRegion = English;
			hasScannedForEncodings = 0;
			knownRegions = (
				en,
				Base,
			);
			mainGroup = CF84DF3B19054B3F0040D221;
			productRefGroup = CF84DF4519054B400040D221 /* Products */;
			projectDirPath = "";
			projectRoot = "";
			targets = (
				CF84DF4319054B3F0040D221 /* MeliTraining2 */,
				CF84DF6419054B400040D221 /* MeliTraining2Tests */,
			);
		};
/* End PBXProject section */

/* Begin PBXResourcesBuildPhase section */
		CF84DF4219054B3F0040D221 /* Resources */ = {
			isa = PBXResourcesBuildPhase;
			buildActionMask = 2147483647;
			files = (
				CF84DF6019054B400040D221 /* Images.xcassets in Resources */,
				CF84DF5219054B400040D221 /* InfoPlist.strings in Resources */,
				CF84DF5B19054B400040D221 /* Main.storyboard in Resources */,
			);
			runOnlyForDeploymentPostprocessing = 0;
		};
		CF84DF6319054B400040D221 /* Resources */ = {
			isa = PBXResourcesBuildPhase;
			buildActionMask = 2147483647;
			files = (
				CF84DF7119054B400040D221 /* InfoPlist.strings in Resources */,
			);
			runOnlyForDeploymentPostprocessing = 0;
		};
/* End PBXResourcesBuildPhase section */

/* Begin PBXSourcesBuildPhase section */
		CF84DF4019054B3F0040D221 /* Sources */ = {
			isa = PBXSourcesBuildPhase;
			buildActionMask = 2147483647;
			files = (
				CF84DF8419055FAE0040D221 /* ReplaceTitleViewController.m in Sources */,
				CF84DF5E19054B400040D221 /* ViewController.m in Sources */,
				CF84DF5819054B400040D221 /* AppDelegate.m in Sources */,
				CF84DF5419054B400040D221 /* main.m in Sources */,
			);
			runOnlyForDeploymentPostprocessing = 0;
		};
		CF84DF6119054B400040D221 /* Sources */ = {
			isa = PBXSourcesBuildPhase;
			buildActionMask = 2147483647;
			files = (
				CF84DF7319054B400040D221 /* MeliTraining2Tests.m in Sources */,
			);
			runOnlyForDeploymentPostprocessing = 0;
		};
/* End PBXSourcesBuildPhase section */

/* Begin PBXTargetDependency section */
		CF84DF6B19054B400040D221 /* PBXTargetDependency */ = {
			isa = PBXTargetDependency;
			target = CF84DF4319054B3F0040D221 /* MeliTraining2 */;
			targetProxy = CF84DF6A19054B400040D221 /* PBXContainerItemProxy */;
		};
/* End PBXTargetDependency section */

/* Begin PBXVariantGroup section */
		CF84DF5019054B400040D221 /* InfoPlist.strings */ = {
			isa = PBXVariantGroup;
			children = (
				CF84DF5119054B400040D221 /* en */,
			);
			name = InfoPlist.strings;
			sourceTree = "<group>";
		};
		CF84DF5919054B400040D221 /* Main.storyboard */ = {
			isa = PBXVariantGroup;
			children = (
				CF84DF5A19054B400040D221 /* Base */,
			);
			name = Main.storyboard;
			sourceTree = "<group>";
		};
		CF84DF6F19054B400040D221 /* InfoPlist.strings */ = {
			isa = PBXVariantGroup;
			children = (
				CF84DF7019054B400040D221 /* en */,
			);
			name = InfoPlist.strings;
			sourceTree = "<group>";
		};
/* End PBXVariantGroup section */

/* Begin XCBuildConfiguration section */
		CF84DF7419054B400040D221 /* Debug */ = {
			isa = XCBuildConfiguration;
			buildSettings = {
				ALWAYS_SEARCH_USER_PATHS = NO;
				CLANG_CXX_LANGUAGE_STANDARD = "gnu++0x";
				CLANG_CXX_LIBRARY = "libc++";
				CLANG_ENABLE_MODULES = YES;
				CLANG_ENABLE_OBJC_ARC = YES;
				CLANG_WARN_BOOL_CONVERSION = YES;
				CLANG_WARN_CONSTANT_CONVERSION = YES;
				CLANG_WARN_DIRECT_OBJC_ISA_USAGE = YES_ERROR;
				CLANG_WARN_EMPTY_BODY = YES;
				CLANG_WARN_ENUM_CONVERSION = YES;
				CLANG_WARN_INT_CONVERSION = YES;
				CLANG_WARN_OBJC_ROOT_CLASS = YES_ERROR;
				CLANG_WARN__DUPLICATE_METHOD_MATCH = YES;
				"CODE_SIGN_IDENTITY[sdk=iphoneos*]" = "iPhone Developer";
				COPY_PHASE_STRIP = NO;
				GCC_C_LANGUAGE_STANDARD = gnu99;
				GCC_DYNAMIC_NO_PIC = NO;
				GCC_OPTIMIZATION_LEVEL = 0;
				GCC_PREPROCESSOR_DEFINITIONS = (
					"DEBUG=1",
					"$(inherited)",
				);
				GCC_SYMBOLS_PRIVATE_EXTERN = NO;
				GCC_WARN_64_TO_32_BIT_CONVERSION = YES;
				GCC_WARN_ABOUT_RETURN_TYPE = YES_ERROR;
				GCC_WARN_UNDECLARED_SELECTOR = YES;
				GCC_WARN_UNINITIALIZED_AUTOS = YES_AGGRESSIVE;
				GCC_WARN_UNUSED_FUNCTION = YES;
				GCC_WARN_UNUSED_VARIABLE = YES;
				IPHONEOS_DEPLOYMENT_TARGET = 7.1;
				ONLY_ACTIVE_ARCH = YES;
				SDKROOT = iphoneos;
			};
			name = Debug;
		};
		CF84DF7519054B400040D221 /* Release */ = {
			isa = XCBuildConfiguration;
			buildSettings = {
				ALWAYS_SEARCH_USER_PATHS = NO;
				CLANG_CXX_LANGUAGE_STANDARD = "gnu++0x";
				CLANG_CXX_LIBRARY = "libc++";
				CLANG_ENABLE_MODULES = YES;
				CLANG_ENABLE_OBJC_ARC = YES;
				CLANG_WARN_BOOL_CONVERSION = YES;
				CLANG_WARN_CONSTANT_CONVERSION = YES;
				CLANG_WARN_DIRECT_OBJC_ISA_USAGE = YES_ERROR;
				CLANG_WARN_EMPTY_BODY = YES;
				CLANG_WARN_ENUM_CONVERSION = YES;
				CLANG_WARN_INT_CONVERSION = YES;
				CLANG_WARN_OBJC_ROOT_CLASS = YES_ERROR;
				CLANG_WARN__DUPLICATE_METHOD_MATCH = YES;
				"CODE_SIGN_IDENTITY[sdk=iphoneos*]" = "iPhone Developer";
				COPY_PHASE_STRIP = YES;
				ENABLE_NS_ASSERTIONS = NO;
				GCC_C_LANGUAGE_STANDARD = gnu99;
				GCC_WARN_64_TO_32_BIT_CONVERSION = YES;
				GCC_WARN_ABOUT_RETURN_TYPE = YES_ERROR;
				GCC_WARN_UNDECLARED_SELECTOR = YES;
				GCC_WARN_UNINITIALIZED_AUTOS = YES_AGGRESSIVE;
				GCC_WARN_UNUSED_FUNCTION = YES;
				GCC_WARN_UNUSED_VARIABLE = YES;
				IPHONEOS_DEPLOYMENT_TARGET = 7.1;
				SDKROOT = iphoneos;
				VALIDATE_PRODUCT = YES;
			};
			name = Release;
		};
		CF84DF7719054B400040D221 /* Debug */ = {
			isa = XCBuildConfiguration;
			buildSettings = {
				ASSETCATALOG_COMPILER_APPICON_NAME = AppIcon;
				ASSETCATALOG_COMPILER_LAUNCHIMAGE_NAME = LaunchImage;
				GCC_PRECOMPILE_PREFIX_HEADER = YES;
				GCC_PREFIX_HEADER = "MeliTraining2/MeliTraining2-Prefix.pch";
				INFOPLIST_FILE = "MeliTraining2/MeliTraining2-Info.plist";
				PRODUCT_NAME = "$(TARGET_NAME)";
				WRAPPER_EXTENSION = app;
			};
			name = Debug;
		};
		CF84DF7819054B400040D221 /* Release */ = {
			isa = XCBuildConfiguration;
			buildSettings = {
				ASSETCATALOG_COMPILER_APPICON_NAME = AppIcon;
				ASSETCATALOG_COMPILER_LAUNCHIMAGE_NAME = LaunchImage;
				GCC_PRECOMPILE_PREFIX_HEADER = YES;
				GCC_PREFIX_HEADER = "MeliTraining2/MeliTraining2-Prefix.pch";
				INFOPLIST_FILE = "MeliTraining2/MeliTraining2-Info.plist";
				PRODUCT_NAME = "$(TARGET_NAME)";
				WRAPPER_EXTENSION = app;
			};
			name = Release;
		};
		CF84DF7A19054B400040D221 /* Debug */ = {
			isa = XCBuildConfiguration;
			buildSettings = {
				BUNDLE_LOADER = "$(BUILT_PRODUCTS_DIR)/MeliTraining2.app/MeliTraining2";
				FRAMEWORK_SEARCH_PATHS = (
					"$(SDKROOT)/Developer/Library/Frameworks",
					"$(inherited)",
					"$(DEVELOPER_FRAMEWORKS_DIR)",
				);
				GCC_PRECOMPILE_PREFIX_HEADER = YES;
				GCC_PREFIX_HEADER = "MeliTraining2/MeliTraining2-Prefix.pch";
				GCC_PREPROCESSOR_DEFINITIONS = (
					"DEBUG=1",
					"$(inherited)",
				);
				INFOPLIST_FILE = "MeliTraining2Tests/MeliTraining2Tests-Info.plist";
				PRODUCT_NAME = "$(TARGET_NAME)";
				TEST_HOST = "$(BUNDLE_LOADER)";
				WRAPPER_EXTENSION = xctest;
			};
			name = Debug;
		};
		CF84DF7B19054B400040D221 /* Release */ = {
			isa = XCBuildConfiguration;
			buildSettings = {
				BUNDLE_LOADER = "$(BUILT_PRODUCTS_DIR)/MeliTraining2.app/MeliTraining2";
				FRAMEWORK_SEARCH_PATHS = (
					"$(SDKROOT)/Developer/Library/Frameworks",
					"$(inherited)",
					"$(DEVELOPER_FRAMEWORKS_DIR)",
				);
				GCC_PRECOMPILE_PREFIX_HEADER = YES;
				GCC_PREFIX_HEADER = "MeliTraining2/MeliTraining2-Prefix.pch";
				INFOPLIST_FILE = "MeliTraining2Tests/MeliTraining2Tests-Info.plist";
				PRODUCT_NAME = "$(TARGET_NAME)";
				TEST_HOST = "$(BUNDLE_LOADER)";
				WRAPPER_EXTENSION = xctest;
			};
			name = Release;
		};
/* End XCBuildConfiguration section */

/* Begin XCConfigurationList section */
		CF84DF3F19054B3F0040D221 /* Build configuration list for PBXProject "MeliTraining2" */ = {
			isa = XCConfigurationList;
			buildConfigurations = (
				CF84DF7419054B400040D221 /* Debug */,
				CF84DF7519054B400040D221 /* Release */,
			);
			defaultConfigurationIsVisible = 0;
			defaultConfigurationName = Release;
		};
		CF84DF7619054B400040D221 /* Build configuration list for PBXNativeTarget "MeliTraining2" */ = {
			isa = XCConfigurationList;
			buildConfigurations = (
				CF84DF7719054B400040D221 /* Debug */,
				CF84DF7819054B400040D221 /* Release */,
			);
			defaultConfigurationIsVisible = 0;
		};
		CF84DF7919054B400040D221 /* Build configuration list for PBXNativeTarget "MeliTraining2Tests" */ = {
			isa = XCConfigurationList;
			buildConfigurations = (
				CF84DF7A19054B400040D221 /* Debug */,
				CF84DF7B19054B400040D221 /* Release */,
			);
			defaultConfigurationIsVisible = 0;
		};
/* End XCConfigurationList section */
	};
	rootObject = CF84DF3C19054B3F0040D221 /* Project object */;
}
